// !$*UTF8*$!
{
	archiveVersion = 1;
	classes = {
	};
	objectVersion = 56;
	objects = {

/* Begin PBXBuildFile section */
		4C0F2036296734C100E43E97 /* AdvertVC.swift in Sources */ = {isa = PBXBuildFile; fileRef = 4C0F2035296734C100E43E97 /* AdvertVC.swift */; };
		4C0F203829674AFC00E43E97 /* HomeSlide.swift in Sources */ = {isa = PBXBuildFile; fileRef = 4C0F203729674AFC00E43E97 /* HomeSlide.swift */; };
		4C0F203A29674E0900E43E97 /* AdvertCollectionViewCell.swift in Sources */ = {isa = PBXBuildFile; fileRef = 4C0F203929674E0900E43E97 /* AdvertCollectionViewCell.swift */; };
		4C0F203F29688D3700E43E97 /* AdvertCell.swift in Sources */ = {isa = PBXBuildFile; fileRef = 4C0F203D29688D3700E43E97 /* AdvertCell.swift */; };
		4C0F204029688D3700E43E97 /* AdvertCell.xib in Resources */ = {isa = PBXBuildFile; fileRef = 4C0F203E29688D3700E43E97 /* AdvertCell.xib */; };
		4C0F20432968A2B500E43E97 /* SDWebImage in Frameworks */ = {isa = PBXBuildFile; productRef = 4C0F20422968A2B500E43E97 /* SDWebImage */; };
		4C0F2046296A323800E43E97 /* BaseVC.swift in Sources */ = {isa = PBXBuildFile; fileRef = 4C0F2045296A323800E43E97 /* BaseVC.swift */; };
		4C0F2048296CAFC500E43E97 /* String+Extension.swift in Sources */ = {isa = PBXBuildFile; fileRef = 4C0F2047296CAFC500E43E97 /* String+Extension.swift */; };
		4C2C14802963A7E100D53813 /* SearchVC.swift in Sources */ = {isa = PBXBuildFile; fileRef = 4C2C147F2963A7E100D53813 /* SearchVC.swift */; };
		4C2C14832963A8B500D53813 /* UploadVC.swift in Sources */ = {isa = PBXBuildFile; fileRef = 4C2C14822963A8B500D53813 /* UploadVC.swift */; };
		4C7F3E1C2963610A00EDD275 /* DuplicateFuncs.swift in Sources */ = {isa = PBXBuildFile; fileRef = 4C7F3E1B2963610A00EDD275 /* DuplicateFuncs.swift */; };
		4C7F3E1F296374B100EDD275 /* ProfileVC.swift in Sources */ = {isa = PBXBuildFile; fileRef = 4C7F3E1E296374B100EDD275 /* ProfileVC.swift */; };
		4C7F3E222963964900EDD275 /* HomeVC.swift in Sources */ = {isa = PBXBuildFile; fileRef = 4C7F3E212963964900EDD275 /* HomeVC.swift */; };
		4C943B932963416900B8EABB /* AppDelegate.swift in Sources */ = {isa = PBXBuildFile; fileRef = 4C943B922963416900B8EABB /* AppDelegate.swift */; };
		4C943B952963416900B8EABB /* SceneDelegate.swift in Sources */ = {isa = PBXBuildFile; fileRef = 4C943B942963416900B8EABB /* SceneDelegate.swift */; };
		4C943B9A2963416900B8EABB /* Main.storyboard in Resources */ = {isa = PBXBuildFile; fileRef = 4C943B982963416900B8EABB /* Main.storyboard */; };
		4C943B9D2963416900B8EABB /* OrderApp.xcdatamodeld in Sources */ = {isa = PBXBuildFile; fileRef = 4C943B9B2963416900B8EABB /* OrderApp.xcdatamodeld */; };
		4C943B9F2963416C00B8EABB /* Assets.xcassets in Resources */ = {isa = PBXBuildFile; fileRef = 4C943B9E2963416C00B8EABB /* Assets.xcassets */; };
		4C943BA22963416C00B8EABB /* LaunchScreen.storyboard in Resources */ = {isa = PBXBuildFile; fileRef = 4C943BA02963416C00B8EABB /* LaunchScreen.storyboard */; };
		4C943BAA2963432200B8EABB /* GoogleService-Info.plist in Resources */ = {isa = PBXBuildFile; fileRef = 4C943BA92963432100B8EABB /* GoogleService-Info.plist */; };
		4C943BAD296344CF00B8EABB /* FirebaseAnalytics in Frameworks */ = {isa = PBXBuildFile; productRef = 4C943BAC296344CF00B8EABB /* FirebaseAnalytics */; };
		4C943BAF296344CF00B8EABB /* FirebaseAnalyticsSwift in Frameworks */ = {isa = PBXBuildFile; productRef = 4C943BAE296344CF00B8EABB /* FirebaseAnalyticsSwift */; };
		4C943BB1296344CF00B8EABB /* FirebaseAuth in Frameworks */ = {isa = PBXBuildFile; productRef = 4C943BB0296344CF00B8EABB /* FirebaseAuth */; };
		4C943BB3296344CF00B8EABB /* FirebaseFirestore in Frameworks */ = {isa = PBXBuildFile; productRef = 4C943BB2296344CF00B8EABB /* FirebaseFirestore */; };
		4C943BB5296344CF00B8EABB /* FirebaseFirestoreSwift in Frameworks */ = {isa = PBXBuildFile; productRef = 4C943BB4296344CF00B8EABB /* FirebaseFirestoreSwift */; };
		4C943BB7296344CF00B8EABB /* FirebaseStorage in Frameworks */ = {isa = PBXBuildFile; productRef = 4C943BB6296344CF00B8EABB /* FirebaseStorage */; };
		4C943BC3296349F200B8EABB /* OnboardingVC.swift in Sources */ = {isa = PBXBuildFile; fileRef = 4C943BC2296349F200B8EABB /* OnboardingVC.swift */; };
		4C943BC629634A1100B8EABB /* LoginVC.swift in Sources */ = {isa = PBXBuildFile; fileRef = 4C943BC529634A1100B8EABB /* LoginVC.swift */; };
		4C943BC929634AA500B8EABB /* SignUpVC.swift in Sources */ = {isa = PBXBuildFile; fileRef = 4C943BC829634AA500B8EABB /* SignUpVC.swift */; };
		4C943BCB29634F2900B8EABB /* UITextField+Extension.swift in Sources */ = {isa = PBXBuildFile; fileRef = 4C943BCA29634F2900B8EABB /* UITextField+Extension.swift */; };
		4C943BCE29634F6000B8EABB /* UIColor+Extension.swift in Sources */ = {isa = PBXBuildFile; fileRef = 4C943BCD29634F6000B8EABB /* UIColor+Extension.swift */; };
/* End PBXBuildFile section */

/* Begin PBXFileReference section */
		4C0F2035296734C100E43E97 /* AdvertVC.swift */ = {isa = PBXFileReference; lastKnownFileType = sourcecode.swift; path = AdvertVC.swift; sourceTree = "<group>"; };
		4C0F203729674AFC00E43E97 /* HomeSlide.swift */ = {isa = PBXFileReference; lastKnownFileType = sourcecode.swift; path = HomeSlide.swift; sourceTree = "<group>"; };
		4C0F203929674E0900E43E97 /* AdvertCollectionViewCell.swift */ = {isa = PBXFileReference; lastKnownFileType = sourcecode.swift; path = AdvertCollectionViewCell.swift; sourceTree = "<group>"; };
		4C0F203D29688D3700E43E97 /* AdvertCell.swift */ = {isa = PBXFileReference; lastKnownFileType = sourcecode.swift; path = AdvertCell.swift; sourceTree = "<group>"; };
		4C0F203E29688D3700E43E97 /* AdvertCell.xib */ = {isa = PBXFileReference; lastKnownFileType = file.xib; path = AdvertCell.xib; sourceTree = "<group>"; };
		4C0F2045296A323800E43E97 /* BaseVC.swift */ = {isa = PBXFileReference; lastKnownFileType = sourcecode.swift; path = BaseVC.swift; sourceTree = "<group>"; };
		4C0F2047296CAFC500E43E97 /* String+Extension.swift */ = {isa = PBXFileReference; lastKnownFileType = sourcecode.swift; path = "String+Extension.swift"; sourceTree = "<group>"; };
		4C2C147F2963A7E100D53813 /* SearchVC.swift */ = {isa = PBXFileReference; lastKnownFileType = sourcecode.swift; path = SearchVC.swift; sourceTree = "<group>"; };
		4C2C14822963A8B500D53813 /* UploadVC.swift */ = {isa = PBXFileReference; lastKnownFileType = sourcecode.swift; path = UploadVC.swift; sourceTree = "<group>"; };
		4C7F3E1B2963610A00EDD275 /* DuplicateFuncs.swift */ = {isa = PBXFileReference; lastKnownFileType = sourcecode.swift; path = DuplicateFuncs.swift; sourceTree = "<group>"; };
		4C7F3E1E296374B100EDD275 /* ProfileVC.swift */ = {isa = PBXFileReference; lastKnownFileType = sourcecode.swift; path = ProfileVC.swift; sourceTree = "<group>"; };
		4C7F3E212963964900EDD275 /* HomeVC.swift */ = {isa = PBXFileReference; lastKnownFileType = sourcecode.swift; path = HomeVC.swift; sourceTree = "<group>"; };
		4C943B8F2963416900B8EABB /* OrderApp.app */ = {isa = PBXFileReference; explicitFileType = wrapper.application; includeInIndex = 0; path = OrderApp.app; sourceTree = BUILT_PRODUCTS_DIR; };
		4C943B922963416900B8EABB /* AppDelegate.swift */ = {isa = PBXFileReference; lastKnownFileType = sourcecode.swift; path = AppDelegate.swift; sourceTree = "<group>"; };
		4C943B942963416900B8EABB /* SceneDelegate.swift */ = {isa = PBXFileReference; lastKnownFileType = sourcecode.swift; path = SceneDelegate.swift; sourceTree = "<group>"; };
		4C943B992963416900B8EABB /* Base */ = {isa = PBXFileReference; lastKnownFileType = file.storyboard; name = Base; path = Base.lproj/Main.storyboard; sourceTree = "<group>"; };
		4C943B9C2963416900B8EABB /* OrderApp.xcdatamodel */ = {isa = PBXFileReference; lastKnownFileType = wrapper.xcdatamodel; path = OrderApp.xcdatamodel; sourceTree = "<group>"; };
		4C943B9E2963416C00B8EABB /* Assets.xcassets */ = {isa = PBXFileReference; lastKnownFileType = folder.assetcatalog; path = Assets.xcassets; sourceTree = "<group>"; };
		4C943BA12963416C00B8EABB /* Base */ = {isa = PBXFileReference; lastKnownFileType = file.storyboard; name = Base; path = Base.lproj/LaunchScreen.storyboard; sourceTree = "<group>"; };
		4C943BA32963416C00B8EABB /* Info.plist */ = {isa = PBXFileReference; lastKnownFileType = text.plist.xml; path = Info.plist; sourceTree = "<group>"; };
		4C943BA92963432100B8EABB /* GoogleService-Info.plist */ = {isa = PBXFileReference; fileEncoding = 4; lastKnownFileType = text.plist.xml; path = "GoogleService-Info.plist"; sourceTree = "<group>"; };
		4C943BC2296349F200B8EABB /* OnboardingVC.swift */ = {isa = PBXFileReference; lastKnownFileType = sourcecode.swift; path = OnboardingVC.swift; sourceTree = "<group>"; };
		4C943BC529634A1100B8EABB /* LoginVC.swift */ = {isa = PBXFileReference; lastKnownFileType = sourcecode.swift; path = LoginVC.swift; sourceTree = "<group>"; };
		4C943BC829634AA500B8EABB /* SignUpVC.swift */ = {isa = PBXFileReference; lastKnownFileType = sourcecode.swift; path = SignUpVC.swift; sourceTree = "<group>"; };
		4C943BCA29634F2900B8EABB /* UITextField+Extension.swift */ = {isa = PBXFileReference; lastKnownFileType = sourcecode.swift; path = "UITextField+Extension.swift"; sourceTree = "<group>"; };
		4C943BCD29634F6000B8EABB /* UIColor+Extension.swift */ = {isa = PBXFileReference; lastKnownFileType = sourcecode.swift; path = "UIColor+Extension.swift"; sourceTree = "<group>"; };
/* End PBXFileReference section */

/* Begin PBXFrameworksBuildPhase section */
		4C943B8C2963416900B8EABB /* Frameworks */ = {
			isa = PBXFrameworksBuildPhase;
			buildActionMask = 2147483647;
			files = (
				4C943BB5296344CF00B8EABB /* FirebaseFirestoreSwift in Frameworks */,
				4C943BAF296344CF00B8EABB /* FirebaseAnalyticsSwift in Frameworks */,
				4C943BB3296344CF00B8EABB /* FirebaseFirestore in Frameworks */,
				4C0F20432968A2B500E43E97 /* SDWebImage in Frameworks */,
				4C943BB1296344CF00B8EABB /* FirebaseAuth in Frameworks */,
				4C943BAD296344CF00B8EABB /* FirebaseAnalytics in Frameworks */,
				4C943BB7296344CF00B8EABB /* FirebaseStorage in Frameworks */,
			);
			runOnlyForDeploymentPostprocessing = 0;
		};
/* End PBXFrameworksBuildPhase section */

/* Begin PBXGroup section */
		4C0F203B29688C8000E43E97 /* Advert */ = {
			isa = PBXGroup;
			children = (
				4C0F203C29688D1400E43E97 /* AdvertCell */,
				4C0F2035296734C100E43E97 /* AdvertVC.swift */,
			);
			path = Advert;
			sourceTree = "<group>";
		};
		4C0F203C29688D1400E43E97 /* AdvertCell */ = {
			isa = PBXGroup;
			children = (
				4C0F203D29688D3700E43E97 /* AdvertCell.swift */,
				4C0F203E29688D3700E43E97 /* AdvertCell.xib */,
			);
			path = AdvertCell;
			sourceTree = "<group>";
		};
		4C0F2044296A321400E43E97 /* BaseController */ = {
			isa = PBXGroup;
			children = (
				4C0F2045296A323800E43E97 /* BaseVC.swift */,
			);
			path = BaseController;
			sourceTree = "<group>";
		};
		4C2C147E2963A7CA00D53813 /* Search */ = {
			isa = PBXGroup;
			children = (
				4C2C147F2963A7E100D53813 /* SearchVC.swift */,
			);
			path = Search;
			sourceTree = "<group>";
		};
		4C2C14812963A8A800D53813 /* Upload */ = {
			isa = PBXGroup;
			children = (
				4C2C14822963A8B500D53813 /* UploadVC.swift */,
			);
			path = Upload;
			sourceTree = "<group>";
		};
		4C7F3E1D296374A000EDD275 /* Profile */ = {
			isa = PBXGroup;
			children = (
				4C7F3E1E296374B100EDD275 /* ProfileVC.swift */,
			);
			path = Profile;
			sourceTree = "<group>";
		};
		4C7F3E202963963400EDD275 /* Home */ = {
			isa = PBXGroup;
			children = (
				4C7F3E212963964900EDD275 /* HomeVC.swift */,
				4C0F203929674E0900E43E97 /* AdvertCollectionViewCell.swift */,
			);
			path = Home;
			sourceTree = "<group>";
		};
		4C943B862963416900B8EABB = {
			isa = PBXGroup;
			children = (
				4C943B912963416900B8EABB /* OrderApp */,
				4C943B902963416900B8EABB /* Products */,
			);
			sourceTree = "<group>";
		};
		4C943B902963416900B8EABB /* Products */ = {
			isa = PBXGroup;
			children = (
				4C943B8F2963416900B8EABB /* OrderApp.app */,
			);
			name = Products;
			sourceTree = "<group>";
		};
		4C943B912963416900B8EABB /* OrderApp */ = {
			isa = PBXGroup;
			children = (
				4C943B922963416900B8EABB /* AppDelegate.swift */,
				4C943B942963416900B8EABB /* SceneDelegate.swift */,
				4C943BA32963416C00B8EABB /* Info.plist */,
				4C943BA92963432100B8EABB /* GoogleService-Info.plist */,
				4C943BBF2963491C00B8EABB /* Model */,
				4C943BBC296348FA00B8EABB /* View */,
				4C943BBB296348E000B8EABB /* Extensions */,
				4C943BBA296348D500B8EABB /* Core */,
			);
			path = OrderApp;
			sourceTree = "<group>";
		};
		4C943BBA296348D500B8EABB /* Core */ = {
			isa = PBXGroup;
			children = (
				4C943B9E2963416C00B8EABB /* Assets.xcassets */,
				4C943B9B2963416900B8EABB /* OrderApp.xcdatamodeld */,
			);
			path = Core;
			sourceTree = "<group>";
		};
		4C943BBB296348E000B8EABB /* Extensions */ = {
			isa = PBXGroup;
			children = (
				4C943BCA29634F2900B8EABB /* UITextField+Extension.swift */,
				4C943BCD29634F6000B8EABB /* UIColor+Extension.swift */,
				4C7F3E1B2963610A00EDD275 /* DuplicateFuncs.swift */,
				4C0F2047296CAFC500E43E97 /* String+Extension.swift */,
			);
			path = Extensions;
			sourceTree = "<group>";
		};
		4C943BBC296348FA00B8EABB /* View */ = {
			isa = PBXGroup;
			children = (
				4C943BBE2963491100B8EABB /* controller */,
				4C943BBD296348FF00B8EABB /* storyboard */,
			);
			path = View;
			sourceTree = "<group>";
		};
		4C943BBD296348FF00B8EABB /* storyboard */ = {
			isa = PBXGroup;
			children = (
				4C943B982963416900B8EABB /* Main.storyboard */,
				4C943BA02963416C00B8EABB /* LaunchScreen.storyboard */,
			);
			path = storyboard;
			sourceTree = "<group>";
		};
		4C943BBE2963491100B8EABB /* controller */ = {
			isa = PBXGroup;
			children = (
				4C0F2044296A321400E43E97 /* BaseController */,
				4C0F203B29688C8000E43E97 /* Advert */,
				4C2C14812963A8A800D53813 /* Upload */,
				4C2C147E2963A7CA00D53813 /* Search */,
				4C7F3E202963963400EDD275 /* Home */,
				4C7F3E1D296374A000EDD275 /* Profile */,
				4C943BC729634A9100B8EABB /* SignUp */,
				4C943BC429634A0200B8EABB /* Login */,
				4C943BC1296349D900B8EABB /* Onboarding */,
			);
			path = controller;
			sourceTree = "<group>";
		};
		4C943BBF2963491C00B8EABB /* Model */ = {
			isa = PBXGroup;
			children = (
				4C0F203729674AFC00E43E97 /* HomeSlide.swift */,
			);
			path = Model;
			sourceTree = "<group>";
		};
		4C943BC1296349D900B8EABB /* Onboarding */ = {
			isa = PBXGroup;
			children = (
				4C943BC2296349F200B8EABB /* OnboardingVC.swift */,
			);
			path = Onboarding;
			sourceTree = "<group>";
		};
		4C943BC429634A0200B8EABB /* Login */ = {
			isa = PBXGroup;
			children = (
				4C943BC529634A1100B8EABB /* LoginVC.swift */,
			);
			path = Login;
			sourceTree = "<group>";
		};
		4C943BC729634A9100B8EABB /* SignUp */ = {
			isa = PBXGroup;
			children = (
				4C943BC829634AA500B8EABB /* SignUpVC.swift */,
			);
			path = SignUp;
			sourceTree = "<group>";
		};
/* End PBXGroup section */

/* Begin PBXNativeTarget section */
		4C943B8E2963416900B8EABB /* OrderApp */ = {
			isa = PBXNativeTarget;
			buildConfigurationList = 4C943BA62963416C00B8EABB /* Build configuration list for PBXNativeTarget "OrderApp" */;
			buildPhases = (
				4C943B8B2963416900B8EABB /* Sources */,
				4C943B8C2963416900B8EABB /* Frameworks */,
				4C943B8D2963416900B8EABB /* Resources */,
			);
			buildRules = (
			);
			dependencies = (
			);
			name = OrderApp;
			packageProductDependencies = (
				4C943BAC296344CF00B8EABB /* FirebaseAnalytics */,
				4C943BAE296344CF00B8EABB /* FirebaseAnalyticsSwift */,
				4C943BB0296344CF00B8EABB /* FirebaseAuth */,
				4C943BB2296344CF00B8EABB /* FirebaseFirestore */,
				4C943BB4296344CF00B8EABB /* FirebaseFirestoreSwift */,
				4C943BB6296344CF00B8EABB /* FirebaseStorage */,
				4C0F20422968A2B500E43E97 /* SDWebImage */,
			);
			productName = OrderApp;
			productReference = 4C943B8F2963416900B8EABB /* OrderApp.app */;
			productType = "com.apple.product-type.application";
		};
/* End PBXNativeTarget section */

/* Begin PBXProject section */
		4C943B872963416900B8EABB /* Project object */ = {
			isa = PBXProject;
			attributes = {
				BuildIndependentTargetsInParallel = 1;
				LastSwiftUpdateCheck = 1420;
				LastUpgradeCheck = 1420;
				TargetAttributes = {
					4C943B8E2963416900B8EABB = {
						CreatedOnToolsVersion = 14.2;
					};
				};
			};
			buildConfigurationList = 4C943B8A2963416900B8EABB /* Build configuration list for PBXProject "OrderApp" */;
			compatibilityVersion = "Xcode 14.0";
			developmentRegion = en;
			hasScannedForEncodings = 0;
			knownRegions = (
				en,
				Base,
			);
			mainGroup = 4C943B862963416900B8EABB;
			packageReferences = (
				4C943BAB296344CF00B8EABB /* XCRemoteSwiftPackageReference "firebase-ios-sdk" */,
				4C0F20412968A2B500E43E97 /* XCRemoteSwiftPackageReference "SDWebImage" */,
			);
			productRefGroup = 4C943B902963416900B8EABB /* Products */;
			projectDirPath = "";
			projectRoot = "";
			targets = (
				4C943B8E2963416900B8EABB /* OrderApp */,
			);
		};
/* End PBXProject section */

/* Begin PBXResourcesBuildPhase section */
		4C943B8D2963416900B8EABB /* Resources */ = {
			isa = PBXResourcesBuildPhase;
			buildActionMask = 2147483647;
			files = (
				4C943BA22963416C00B8EABB /* LaunchScreen.storyboard in Resources */,
				4C943BAA2963432200B8EABB /* GoogleService-Info.plist in Resources */,
				4C943B9F2963416C00B8EABB /* Assets.xcassets in Resources */,
				4C0F204029688D3700E43E97 /* AdvertCell.xib in Resources */,
				4C943B9A2963416900B8EABB /* Main.storyboard in Resources */,
			);
			runOnlyForDeploymentPostprocessing = 0;
		};
/* End PBXResourcesBuildPhase section */

/* Begin PBXSourcesBuildPhase section */
		4C943B8B2963416900B8EABB /* Sources */ = {
			isa = PBXSourcesBuildPhase;
			buildActionMask = 2147483647;
			files = (
				4C0F2036296734C100E43E97 /* AdvertVC.swift in Sources */,
				4C2C14802963A7E100D53813 /* SearchVC.swift in Sources */,
				4C0F203F29688D3700E43E97 /* AdvertCell.swift in Sources */,
				4C0F2048296CAFC500E43E97 /* String+Extension.swift in Sources */,
				4C7F3E1F296374B100EDD275 /* ProfileVC.swift in Sources */,
				4C943BC929634AA500B8EABB /* SignUpVC.swift in Sources */,
				4C0F203829674AFC00E43E97 /* HomeSlide.swift in Sources */,
				4C943B932963416900B8EABB /* AppDelegate.swift in Sources */,
				4C0F203A29674E0900E43E97 /* AdvertCollectionViewCell.swift in Sources */,
				4C943BCB29634F2900B8EABB /* UITextField+Extension.swift in Sources */,
				4C943BC629634A1100B8EABB /* LoginVC.swift in Sources */,
				4C943BC3296349F200B8EABB /* OnboardingVC.swift in Sources */,
				4C2C14832963A8B500D53813 /* UploadVC.swift in Sources */,
				4C943B9D2963416900B8EABB /* OrderApp.xcdatamodeld in Sources */,
				4C0F2046296A323800E43E97 /* BaseVC.swift in Sources */,
				4C7F3E1C2963610A00EDD275 /* DuplicateFuncs.swift in Sources */,
				4C943B952963416900B8EABB /* SceneDelegate.swift in Sources */,
				4C7F3E222963964900EDD275 /* HomeVC.swift in Sources */,
				4C943BCE29634F6000B8EABB /* UIColor+Extension.swift in Sources */,
			);
			runOnlyForDeploymentPostprocessing = 0;
		};
/* End PBXSourcesBuildPhase section */

/* Begin PBXVariantGroup section */
		4C943B982963416900B8EABB /* Main.storyboard */ = {
			isa = PBXVariantGroup;
			children = (
				4C943B992963416900B8EABB /* Base */,
			);
			name = Main.storyboard;
			sourceTree = "<group>";
		};
		4C943BA02963416C00B8EABB /* LaunchScreen.storyboard */ = {
			isa = PBXVariantGroup;
			children = (
				4C943BA12963416C00B8EABB /* Base */,
			);
			name = LaunchScreen.storyboard;
			sourceTree = "<group>";
		};
/* End PBXVariantGroup section */

/* Begin XCBuildConfiguration section */
		4C943BA42963416C00B8EABB /* Debug */ = {
			isa = XCBuildConfiguration;
			buildSettings = {
				ALWAYS_SEARCH_USER_PATHS = NO;
				CLANG_ANALYZER_NONNULL = YES;
				CLANG_ANALYZER_NUMBER_OBJECT_CONVERSION = YES_AGGRESSIVE;
				CLANG_CXX_LANGUAGE_STANDARD = "gnu++20";
				CLANG_ENABLE_MODULES = YES;
				CLANG_ENABLE_OBJC_ARC = YES;
				CLANG_ENABLE_OBJC_WEAK = YES;
				CLANG_WARN_BLOCK_CAPTURE_AUTORELEASING = YES;
				CLANG_WARN_BOOL_CONVERSION = YES;
				CLANG_WARN_COMMA = YES;
				CLANG_WARN_CONSTANT_CONVERSION = YES;
				CLANG_WARN_DEPRECATED_OBJC_IMPLEMENTATIONS = YES;
				CLANG_WARN_DIRECT_OBJC_ISA_USAGE = YES_ERROR;
				CLANG_WARN_DOCUMENTATION_COMMENTS = YES;
				CLANG_WARN_EMPTY_BODY = YES;
				CLANG_WARN_ENUM_CONVERSION = YES;
				CLANG_WARN_INFINITE_RECURSION = YES;
				CLANG_WARN_INT_CONVERSION = YES;
				CLANG_WARN_NON_LITERAL_NULL_CONVERSION = YES;
				CLANG_WARN_OBJC_IMPLICIT_RETAIN_SELF = YES;
				CLANG_WARN_OBJC_LITERAL_CONVERSION = YES;
				CLANG_WARN_OBJC_ROOT_CLASS = YES_ERROR;
				CLANG_WARN_QUOTED_INCLUDE_IN_FRAMEWORK_HEADER = YES;
				CLANG_WARN_RANGE_LOOP_ANALYSIS = YES;
				CLANG_WARN_STRICT_PROTOTYPES = YES;
				CLANG_WARN_SUSPICIOUS_MOVE = YES;
				CLANG_WARN_UNGUARDED_AVAILABILITY = YES_AGGRESSIVE;
				CLANG_WARN_UNREACHABLE_CODE = YES;
				CLANG_WARN__DUPLICATE_METHOD_MATCH = YES;
				COPY_PHASE_STRIP = NO;
				DEBUG_INFORMATION_FORMAT = dwarf;
				ENABLE_STRICT_OBJC_MSGSEND = YES;
				ENABLE_TESTABILITY = YES;
				GCC_C_LANGUAGE_STANDARD = gnu11;
				GCC_DYNAMIC_NO_PIC = NO;
				GCC_NO_COMMON_BLOCKS = YES;
				GCC_OPTIMIZATION_LEVEL = 0;
				GCC_PREPROCESSOR_DEFINITIONS = (
					"DEBUG=1",
					"$(inherited)",
				);
				GCC_WARN_64_TO_32_BIT_CONVERSION = YES;
				GCC_WARN_ABOUT_RETURN_TYPE = YES_ERROR;
				GCC_WARN_UNDECLARED_SELECTOR = YES;
				GCC_WARN_UNINITIALIZED_AUTOS = YES_AGGRESSIVE;
				GCC_WARN_UNUSED_FUNCTION = YES;
				GCC_WARN_UNUSED_VARIABLE = YES;
				IPHONEOS_DEPLOYMENT_TARGET = 16.2;
				MTL_ENABLE_DEBUG_INFO = INCLUDE_SOURCE;
				MTL_FAST_MATH = YES;
				ONLY_ACTIVE_ARCH = YES;
				SDKROOT = iphoneos;
				SWIFT_ACTIVE_COMPILATION_CONDITIONS = DEBUG;
				SWIFT_OPTIMIZATION_LEVEL = "-Onone";
			};
			name = Debug;
		};
		4C943BA52963416C00B8EABB /* Release */ = {
			isa = XCBuildConfiguration;
			buildSettings = {
				ALWAYS_SEARCH_USER_PATHS = NO;
				CLANG_ANALYZER_NONNULL = YES;
				CLANG_ANALYZER_NUMBER_OBJECT_CONVERSION = YES_AGGRESSIVE;
				CLANG_CXX_LANGUAGE_STANDARD = "gnu++20";
				CLANG_ENABLE_MODULES = YES;
				CLANG_ENABLE_OBJC_ARC = YES;
				CLANG_ENABLE_OBJC_WEAK = YES;
				CLANG_WARN_BLOCK_CAPTURE_AUTORELEASING = YES;
				CLANG_WARN_BOOL_CONVERSION = YES;
				CLANG_WARN_COMMA = YES;
				CLANG_WARN_CONSTANT_CONVERSION = YES;
				CLANG_WARN_DEPRECATED_OBJC_IMPLEMENTATIONS = YES;
				CLANG_WARN_DIRECT_OBJC_ISA_USAGE = YES_ERROR;
				CLANG_WARN_DOCUMENTATION_COMMENTS = YES;
				CLANG_WARN_EMPTY_BODY = YES;
				CLANG_WARN_ENUM_CONVERSION = YES;
				CLANG_WARN_INFINITE_RECURSION = YES;
				CLANG_WARN_INT_CONVERSION = YES;
				CLANG_WARN_NON_LITERAL_NULL_CONVERSION = YES;
				CLANG_WARN_OBJC_IMPLICIT_RETAIN_SELF = YES;
				CLANG_WARN_OBJC_LITERAL_CONVERSION = YES;
				CLANG_WARN_OBJC_ROOT_CLASS = YES_ERROR;
				CLANG_WARN_QUOTED_INCLUDE_IN_FRAMEWORK_HEADER = YES;
				CLANG_WARN_RANGE_LOOP_ANALYSIS = YES;
				CLANG_WARN_STRICT_PROTOTYPES = YES;
				CLANG_WARN_SUSPICIOUS_MOVE = YES;
				CLANG_WARN_UNGUARDED_AVAILABILITY = YES_AGGRESSIVE;
				CLANG_WARN_UNREACHABLE_CODE = YES;
				CLANG_WARN__DUPLICATE_METHOD_MATCH = YES;
				COPY_PHASE_STRIP = NO;
				DEBUG_INFORMATION_FORMAT = "dwarf-with-dsym";
				ENABLE_NS_ASSERTIONS = NO;
				ENABLE_STRICT_OBJC_MSGSEND = YES;
				GCC_C_LANGUAGE_STANDARD = gnu11;
				GCC_NO_COMMON_BLOCKS = YES;
				GCC_WARN_64_TO_32_BIT_CONVERSION = YES;
				GCC_WARN_ABOUT_RETURN_TYPE = YES_ERROR;
				GCC_WARN_UNDECLARED_SELECTOR = YES;
				GCC_WARN_UNINITIALIZED_AUTOS = YES_AGGRESSIVE;
				GCC_WARN_UNUSED_FUNCTION = YES;
				GCC_WARN_UNUSED_VARIABLE = YES;
				IPHONEOS_DEPLOYMENT_TARGET = 16.2;
				MTL_ENABLE_DEBUG_INFO = NO;
				MTL_FAST_MATH = YES;
				SDKROOT = iphoneos;
				SWIFT_COMPILATION_MODE = wholemodule;
				SWIFT_OPTIMIZATION_LEVEL = "-O";
				VALIDATE_PRODUCT = YES;
			};
			name = Release;
		};
		4C943BA72963416C00B8EABB /* Debug */ = {
			isa = XCBuildConfiguration;
			buildSettings = {
				ASSETCATALOG_COMPILER_APPICON_NAME = AppIcon;
				ASSETCATALOG_COMPILER_GLOBAL_ACCENT_COLOR_NAME = AccentColor;
				CODE_SIGN_STYLE = Automatic;
				CURRENT_PROJECT_VERSION = 1;
				DEVELOPMENT_TEAM = CBHN9JYUCJ;
				GENERATE_INFOPLIST_FILE = YES;
				INFOPLIST_FILE = OrderApp/Info.plist;
				INFOPLIST_KEY_UIApplicationSupportsIndirectInputEvents = YES;
				INFOPLIST_KEY_UILaunchStoryboardName = LaunchScreen;
				INFOPLIST_KEY_UIMainStoryboardFile = Main;
				INFOPLIST_KEY_UISupportedInterfaceOrientations_iPad = "UIInterfaceOrientationPortrait UIInterfaceOrientationPortraitUpsideDown UIInterfaceOrientationLandscapeLeft UIInterfaceOrientationLandscapeRight";
				INFOPLIST_KEY_UISupportedInterfaceOrientations_iPhone = "UIInterfaceOrientationPortrait UIInterfaceOrientationLandscapeLeft UIInterfaceOrientationLandscapeRight";
				LD_RUNPATH_SEARCH_PATHS = (
					"$(inherited)",
					"@executable_path/Frameworks",
				);
				MARKETING_VERSION = 1.0;
				PRODUCT_BUNDLE_IDENTIFIER = com.m.celilaydin.OrderApp;
				PRODUCT_NAME = "$(TARGET_NAME)";
				SWIFT_EMIT_LOC_STRINGS = YES;
				SWIFT_VERSION = 5.0;
				TARGETED_DEVICE_FAMILY = "1,2";
			};
			name = Debug;
		};
		4C943BA82963416C00B8EABB /* Release */ = {
			isa = XCBuildConfiguration;
			buildSettings = {
				ASSETCATALOG_COMPILER_APPICON_NAME = AppIcon;
				ASSETCATALOG_COMPILER_GLOBAL_ACCENT_COLOR_NAME = AccentColor;
				CODE_SIGN_STYLE = Automatic;
				CURRENT_PROJECT_VERSION = 1;
				DEVELOPMENT_TEAM = CBHN9JYUCJ;
				GENERATE_INFOPLIST_FILE = YES;
				INFOPLIST_FILE = OrderApp/Info.plist;
				INFOPLIST_KEY_UIApplicationSupportsIndirectInputEvents = YES;
				INFOPLIST_KEY_UILaunchStoryboardName = LaunchScreen;
				INFOPLIST_KEY_UIMainStoryboardFile = Main;
				INFOPLIST_KEY_UISupportedInterfaceOrientations_iPad = "UIInterfaceOrientationPortrait UIInterfaceOrientationPortraitUpsideDown UIInterfaceOrientationLandscapeLeft UIInterfaceOrientationLandscapeRight";
				INFOPLIST_KEY_UISupportedInterfaceOrientations_iPhone = "UIInterfaceOrientationPortrait UIInterfaceOrientationLandscapeLeft UIInterfaceOrientationLandscapeRight";
				LD_RUNPATH_SEARCH_PATHS = (
					"$(inherited)",
					"@executable_path/Frameworks",
				);
				MARKETING_VERSION = 1.0;
				PRODUCT_BUNDLE_IDENTIFIER = com.m.celilaydin.OrderApp;
				PRODUCT_NAME = "$(TARGET_NAME)";
				SWIFT_EMIT_LOC_STRINGS = YES;
				SWIFT_VERSION = 5.0;
				TARGETED_DEVICE_FAMILY = "1,2";
			};
			name = Release;
		};
/* End XCBuildConfiguration section */

/* Begin XCConfigurationList section */
		4C943B8A2963416900B8EABB /* Build configuration list for PBXProject "OrderApp" */ = {
			isa = XCConfigurationList;
			buildConfigurations = (
				4C943BA42963416C00B8EABB /* Debug */,
				4C943BA52963416C00B8EABB /* Release */,
			);
			defaultConfigurationIsVisible = 0;
			defaultConfigurationName = Release;
		};
		4C943BA62963416C00B8EABB /* Build configuration list for PBXNativeTarget "OrderApp" */ = {
			isa = XCConfigurationList;
			buildConfigurations = (
				4C943BA72963416C00B8EABB /* Debug */,
				4C943BA82963416C00B8EABB /* Release */,
			);
			defaultConfigurationIsVisible = 0;
			defaultConfigurationName = Release;
		};
/* End XCConfigurationList section */

/* Begin XCRemoteSwiftPackageReference section */
		4C0F20412968A2B500E43E97 /* XCRemoteSwiftPackageReference "SDWebImage" */ = {
			isa = XCRemoteSwiftPackageReference;
			repositoryURL = "https://github.com/SDWebImage/SDWebImage";
			requirement = {
				branch = master;
				kind = branch;
			};
		};
		4C943BAB296344CF00B8EABB /* XCRemoteSwiftPackageReference "firebase-ios-sdk" */ = {
			isa = XCRemoteSwiftPackageReference;
			repositoryURL = "https://github.com/firebase/firebase-ios-sdk";
			requirement = {
				branch = master;
				kind = branch;
			};
		};
/* End XCRemoteSwiftPackageReference section */

/* Begin XCSwiftPackageProductDependency section */
		4C0F20422968A2B500E43E97 /* SDWebImage */ = {
			isa = XCSwiftPackageProductDependency;
			package = 4C0F20412968A2B500E43E97 /* XCRemoteSwiftPackageReference "SDWebImage" */;
			productName = SDWebImage;
		};
		4C943BAC296344CF00B8EABB /* FirebaseAnalytics */ = {
			isa = XCSwiftPackageProductDependency;
			package = 4C943BAB296344CF00B8EABB /* XCRemoteSwiftPackageReference "firebase-ios-sdk" */;
			productName = FirebaseAnalytics;
		};
		4C943BAE296344CF00B8EABB /* FirebaseAnalyticsSwift */ = {
			isa = XCSwiftPackageProductDependency;
			package = 4C943BAB296344CF00B8EABB /* XCRemoteSwiftPackageReference "firebase-ios-sdk" */;
			productName = FirebaseAnalyticsSwift;
		};
		4C943BB0296344CF00B8EABB /* FirebaseAuth */ = {
			isa = XCSwiftPackageProductDependency;
			package = 4C943BAB296344CF00B8EABB /* XCRemoteSwiftPackageReference "firebase-ios-sdk" */;
			productName = FirebaseAuth;
		};
		4C943BB2296344CF00B8EABB /* FirebaseFirestore */ = {
			isa = XCSwiftPackageProductDependency;
			package = 4C943BAB296344CF00B8EABB /* XCRemoteSwiftPackageReference "firebase-ios-sdk" */;
			productName = FirebaseFirestore;
		};
		4C943BB4296344CF00B8EABB /* FirebaseFirestoreSwift */ = {
			isa = XCSwiftPackageProductDependency;
			package = 4C943BAB296344CF00B8EABB /* XCRemoteSwiftPackageReference "firebase-ios-sdk" */;
			productName = FirebaseFirestoreSwift;
		};
		4C943BB6296344CF00B8EABB /* FirebaseStorage */ = {
			isa = XCSwiftPackageProductDependency;
			package = 4C943BAB296344CF00B8EABB /* XCRemoteSwiftPackageReference "firebase-ios-sdk" */;
			productName = FirebaseStorage;
		};
/* End XCSwiftPackageProductDependency section */

/* Begin XCVersionGroup section */
		4C943B9B2963416900B8EABB /* OrderApp.xcdatamodeld */ = {
			isa = XCVersionGroup;
			children = (
				4C943B9C2963416900B8EABB /* OrderApp.xcdatamodel */,
			);
			currentVersion = 4C943B9C2963416900B8EABB /* OrderApp.xcdatamodel */;
			path = OrderApp.xcdatamodeld;
			sourceTree = "<group>";
			versionGroupType = wrapper.xcdatamodel;
		};
/* End XCVersionGroup section */
	};
	rootObject = 4C943B872963416900B8EABB /* Project object */;
}
